{
  "requires": true,
  "lockfileVersion": 1,
  "dependencies": {
    "@types/bcrypt": {
      "version": "3.0.0",
      "resolved": "https://registry.npmjs.org/@types/bcrypt/-/bcrypt-3.0.0.tgz",
      "integrity": "sha512-nohgNyv+1ViVcubKBh0+XiNJ3dO8nYu///9aJ4cgSqv70gBL+94SNy/iC2NLzKPT2Zt/QavrOkBVbZRLZmw6NQ=="
    },
    "@types/lodash": {
      "version": "4.14.119",
      "resolved": "https://registry.npmjs.org/@types/lodash/-/lodash-4.14.119.tgz",
      "integrity": "sha512-Z3TNyBL8Vd/M9D9Ms2S3LmFq2sSMzahodD6rCS9V2N44HUMINb75jNkSuwAx7eo2ufqTdfOdtGQpNbieUjPQmw=="
    }
  }
}
